
Microsoft Visual Studio Solution File, Format Version 12.00
# Visual Studio Version 17
VisualStudioVersion = 17.8.34330.188
MinimumVisualStudioVersion = 10.0.40219.1
Project("{FAE04EC0-301F-11D3-BF4B-00C04F79EFBC}") = "SimplePage(MVC)", "SimplePage(MVC).csproj", "{23B7F0E9-A68B-478C-9038-98C8A94CEFB8}"
EndProject
Global
	GlobalSection(SolutionConfigurationPlatforms) = preSolution
		Debug|Any CPU = Debug|Any CPU
		Release|Any CPU = Release|Any CPU
	EndGlobalSection
	GlobalSection(ProjectConfigurationPlatforms) = postSolution
		{23B7F0E9-A68B-478C-9038-98C8A94CEFB8}.Debug|Any CPU.ActiveCfg = Debug|Any CPU
		{23B7F0E9-A68B-478C-9038-98C8A94CEFB8}.Debug|Any CPU.Build.0 = Debug|Any CPU
		{23B7F0E9-A68B-478C-9038-98C8A94CEFB8}.Release|Any CPU.ActiveCfg = Release|Any CPU
		{23B7F0E9-A68B-478C-9038-98C8A94CEFB8}.Release|Any CPU.Build.0 = Release|Any CPU
	EndGlobalSection
	GlobalSection(SolutionProperties) = preSolution
		HideSolutionNode = FALSE
	EndGlobalSection
	GlobalSection(ExtensibilityGlobals) = postSolution
		SolutionGuid = {86EF0106-9B7B-46DF-B0F2-49F766CCCE92}
	EndGlobalSection
EndGlobal
